
Microsoft Visual Studio Solution File, Format Version 12.00
# Visual Studio Version 16
VisualStudioVersion = 16.0.29512.175
MinimumVisualStudioVersion = 10.0.40219.1
Project("{2150E333-8FDC-42A3-9474-1A3956D46DE8}") = "__", "__", "{3A2F9617-51BC-4D8D-B9CE-0D11CCAAC821}"
	ProjectSection(SolutionItems) = preProject
		.gitignore = .gitignore
		LICENSE = LICENSE
		nuget.config = nuget.config
		README.md = README.md
	EndProjectSection
EndProject
Project("{9A19103F-16F7-4668-BE54-9A1E7A4F7556}") = "Moduliths.Domain", "src\Moduliths.Domain\Moduliths.Domain.csproj", "{C560D389-6B51-446E-98CD-1EDA28930FDE}"
EndProject
Project("{9A19103F-16F7-4668-BE54-9A1E7A4F7556}") = "Moduliths.Infra", "src\Moduliths.Infra\Moduliths.Infra.csproj", "{F97E2CD4-6742-474F-8820-0B165138CD73}"
EndProject
Project("{2150E333-8FDC-42A3-9474-1A3956D46DE8}") = "Libs", "Libs", "{A69B4DC6-5991-44B2-9E58-16923F5BF9EA}"
EndProject
Project("{9A19103F-16F7-4668-BE54-9A1E7A4F7556}") = "CoolStore.UI.Blazor", "src\CoolStore.UI.Blazor\CoolStore.UI.Blazor.csproj", "{6A66A15B-CA2A-4250-8538-768156C06B5A}"
EndProject
Project("{9A19103F-16F7-4668-BE54-9A1E7A4F7556}") = "CoolStore.Modules.Inventory", "src\CoolStore.Modules.Inventory\CoolStore.Modules.Inventory.csproj", "{6BF53E48-D83A-4772-9431-7BABCDBE1BB5}"
EndProject
Project("{9A19103F-16F7-4668-BE54-9A1E7A4F7556}") = "CoolStore.Modules.Catalog", "src\CoolStore.Modules.Catalog\CoolStore.Modules.Catalog.csproj", "{20514693-548E-4450-AAE0-266FFE2A1A4A}"
EndProject
Project("{FAE04EC0-301F-11D3-BF4B-00C04F79EFBC}") = "CoolStore.Modules.Shared", "src\CoolStore.Modules.Shared\CoolStore.Modules.Shared.csproj", "{9A28766E-3B9F-4E55-9E18-D87A771C957B}"
EndProject
Project("{9A19103F-16F7-4668-BE54-9A1E7A4F7556}") = "CoolStore.GraphApi", "src\CoolStore.GraphApi\CoolStore.GraphApi.csproj", "{205D40F8-CFC7-4B6F-BF05-E0EB081374FA}"
EndProject
Global
	GlobalSection(SolutionConfigurationPlatforms) = preSolution
		Debug|Any CPU = Debug|Any CPU
		Release|Any CPU = Release|Any CPU
	EndGlobalSection
	GlobalSection(ProjectConfigurationPlatforms) = postSolution
		{C560D389-6B51-446E-98CD-1EDA28930FDE}.Debug|Any CPU.ActiveCfg = Debug|Any CPU
		{C560D389-6B51-446E-98CD-1EDA28930FDE}.Debug|Any CPU.Build.0 = Debug|Any CPU
		{C560D389-6B51-446E-98CD-1EDA28930FDE}.Release|Any CPU.ActiveCfg = Release|Any CPU
		{C560D389-6B51-446E-98CD-1EDA28930FDE}.Release|Any CPU.Build.0 = Release|Any CPU
		{F97E2CD4-6742-474F-8820-0B165138CD73}.Debug|Any CPU.ActiveCfg = Debug|Any CPU
		{F97E2CD4-6742-474F-8820-0B165138CD73}.Debug|Any CPU.Build.0 = Debug|Any CPU
		{F97E2CD4-6742-474F-8820-0B165138CD73}.Release|Any CPU.ActiveCfg = Release|Any CPU
		{F97E2CD4-6742-474F-8820-0B165138CD73}.Release|Any CPU.Build.0 = Release|Any CPU
		{6A66A15B-CA2A-4250-8538-768156C06B5A}.Debug|Any CPU.ActiveCfg = Debug|Any CPU
		{6A66A15B-CA2A-4250-8538-768156C06B5A}.Debug|Any CPU.Build.0 = Debug|Any CPU
		{6A66A15B-CA2A-4250-8538-768156C06B5A}.Release|Any CPU.ActiveCfg = Release|Any CPU
		{6A66A15B-CA2A-4250-8538-768156C06B5A}.Release|Any CPU.Build.0 = Release|Any CPU
		{6BF53E48-D83A-4772-9431-7BABCDBE1BB5}.Debug|Any CPU.ActiveCfg = Debug|Any CPU
		{6BF53E48-D83A-4772-9431-7BABCDBE1BB5}.Debug|Any CPU.Build.0 = Debug|Any CPU
		{6BF53E48-D83A-4772-9431-7BABCDBE1BB5}.Release|Any CPU.ActiveCfg = Release|Any CPU
		{6BF53E48-D83A-4772-9431-7BABCDBE1BB5}.Release|Any CPU.Build.0 = Release|Any CPU
		{20514693-548E-4450-AAE0-266FFE2A1A4A}.Debug|Any CPU.ActiveCfg = Debug|Any CPU
		{20514693-548E-4450-AAE0-266FFE2A1A4A}.Debug|Any CPU.Build.0 = Debug|Any CPU
		{20514693-548E-4450-AAE0-266FFE2A1A4A}.Release|Any CPU.ActiveCfg = Release|Any CPU
		{20514693-548E-4450-AAE0-266FFE2A1A4A}.Release|Any CPU.Build.0 = Release|Any CPU
		{9A28766E-3B9F-4E55-9E18-D87A771C957B}.Debug|Any CPU.ActiveCfg = Debug|Any CPU
		{9A28766E-3B9F-4E55-9E18-D87A771C957B}.Debug|Any CPU.Build.0 = Debug|Any CPU
		{9A28766E-3B9F-4E55-9E18-D87A771C957B}.Release|Any CPU.ActiveCfg = Release|Any CPU
		{9A28766E-3B9F-4E55-9E18-D87A771C957B}.Release|Any CPU.Build.0 = Release|Any CPU
		{205D40F8-CFC7-4B6F-BF05-E0EB081374FA}.Debug|Any CPU.ActiveCfg = Debug|Any CPU
		{205D40F8-CFC7-4B6F-BF05-E0EB081374FA}.Debug|Any CPU.Build.0 = Debug|Any CPU
		{205D40F8-CFC7-4B6F-BF05-E0EB081374FA}.Release|Any CPU.ActiveCfg = Release|Any CPU
		{205D40F8-CFC7-4B6F-BF05-E0EB081374FA}.Release|Any CPU.Build.0 = Release|Any CPU
	EndGlobalSection
	GlobalSection(SolutionProperties) = preSolution
		HideSolutionNode = FALSE
	EndGlobalSection
	GlobalSection(NestedProjects) = preSolution
		{C560D389-6B51-446E-98CD-1EDA28930FDE} = {A69B4DC6-5991-44B2-9E58-16923F5BF9EA}
		{F97E2CD4-6742-474F-8820-0B165138CD73} = {A69B4DC6-5991-44B2-9E58-16923F5BF9EA}
	EndGlobalSection
	GlobalSection(ExtensibilityGlobals) = postSolution
		SolutionGuid = {86B192BF-B3E4-4F28-8A6A-0764E535B77A}
	EndGlobalSection
EndGlobal
